
Microsoft Visual Studio Solution File, Format Version 12.00
Project("{FAE04EC0-301F-11D3-BF4B-00C04F79EFBC}") = "PrepodPortal.WebAPI", "PrepodPortal.WebAPI\PrepodPortal.WebAPI.csproj", "{35D103C0-641D-4ACB-BC22-CA66105CBBDD}"
EndProject
Project("{FAE04EC0-301F-11D3-BF4B-00C04F79EFBC}") = "PrepodPortal.DataAccess", "PrepodPortal.DataAccess\PrepodPortal.DataAccess.csproj", "{2B2B1F33-E506-47DC-8A4F-45671863BD08}"
EndProject
Project("{FAE04EC0-301F-11D3-BF4B-00C04F79EFBC}") = "PrepodPortal.Core", "PrepodPortal.Core\PrepodPortal.Core.csproj", "{789C8DB2-5233-43B5-9778-4EE9829989D5}"
EndProject
Project("{FAE04EC0-301F-11D3-BF4B-00C04F79EFBC}") = "PrepodPortal.Common", "PrepodPortal.Common\PrepodPortal.Common.csproj", "{6828E36C-AC4D-4729-B32C-C5DB45906EC3}"
EndProject
Global
	GlobalSection(SolutionConfigurationPlatforms) = preSolution
		Debug|Any CPU = Debug|Any CPU
		Release|Any CPU = Release|Any CPU
	EndGlobalSection
	GlobalSection(ProjectConfigurationPlatforms) = postSolution
		{35D103C0-641D-4ACB-BC22-CA66105CBBDD}.Debug|Any CPU.ActiveCfg = Debug|Any CPU
		{35D103C0-641D-4ACB-BC22-CA66105CBBDD}.Debug|Any CPU.Build.0 = Debug|Any CPU
		{35D103C0-641D-4ACB-BC22-CA66105CBBDD}.Release|Any CPU.ActiveCfg = Release|Any CPU
		{35D103C0-641D-4ACB-BC22-CA66105CBBDD}.Release|Any CPU.Build.0 = Release|Any CPU
		{2B2B1F33-E506-47DC-8A4F-45671863BD08}.Debug|Any CPU.ActiveCfg = Debug|Any CPU
		{2B2B1F33-E506-47DC-8A4F-45671863BD08}.Debug|Any CPU.Build.0 = Debug|Any CPU
		{2B2B1F33-E506-47DC-8A4F-45671863BD08}.Release|Any CPU.ActiveCfg = Release|Any CPU
		{2B2B1F33-E506-47DC-8A4F-45671863BD08}.Release|Any CPU.Build.0 = Release|Any CPU
		{789C8DB2-5233-43B5-9778-4EE9829989D5}.Debug|Any CPU.ActiveCfg = Debug|Any CPU
		{789C8DB2-5233-43B5-9778-4EE9829989D5}.Debug|Any CPU.Build.0 = Debug|Any CPU
		{789C8DB2-5233-43B5-9778-4EE9829989D5}.Release|Any CPU.ActiveCfg = Release|Any CPU
		{789C8DB2-5233-43B5-9778-4EE9829989D5}.Release|Any CPU.Build.0 = Release|Any CPU
		{6828E36C-AC4D-4729-B32C-C5DB45906EC3}.Debug|Any CPU.ActiveCfg = Debug|Any CPU
		{6828E36C-AC4D-4729-B32C-C5DB45906EC3}.Debug|Any CPU.Build.0 = Debug|Any CPU
		{6828E36C-AC4D-4729-B32C-C5DB45906EC3}.Release|Any CPU.ActiveCfg = Release|Any CPU
		{6828E36C-AC4D-4729-B32C-C5DB45906EC3}.Release|Any CPU.Build.0 = Release|Any CPU
	EndGlobalSection
EndGlobal
